
Microsoft Visual Studio Solution File, Format Version 12.00
# Visual Studio Version 16
VisualStudioVersion = 16.0.29201.188
MinimumVisualStudioVersion = 10.0.40219.1
Project("{FAE04EC0-301F-11D3-BF4B-00C04F79EFBC}") = "CustomizedWindow", "CustomizedWindow\CustomizedWindow.csproj", "{6B6C7AEC-EE7E-408B-88A5-718C83D6CB5B}"
EndProject
Global
	GlobalSection(SolutionConfigurationPlatforms) = preSolution
		Debug|Any CPU = Debug|Any CPU
		Release|Any CPU = Release|Any CPU
	EndGlobalSection
	GlobalSection(ProjectConfigurationPlatforms) = postSolution
		{6B6C7AEC-EE7E-408B-88A5-718C83D6CB5B}.Debug|Any CPU.ActiveCfg = Debug|Any CPU
		{6B6C7AEC-EE7E-408B-88A5-718C83D6CB5B}.Debug|Any CPU.Build.0 = Debug|Any CPU
		{6B6C7AEC-EE7E-408B-88A5-718C83D6CB5B}.Release|Any CPU.ActiveCfg = Release|Any CPU
		{6B6C7AEC-EE7E-408B-88A5-718C83D6CB5B}.Release|Any CPU.Build.0 = Release|Any CPU
	EndGlobalSection
	GlobalSection(SolutionProperties) = preSolution
		HideSolutionNode = FALSE
	EndGlobalSection
	GlobalSection(ExtensibilityGlobals) = postSolution
		SolutionGuid = {1AC5EDCB-92B0-4D46-A60A-D121F93608F8}
	EndGlobalSection
EndGlobal
